
Microsoft Visual Studio Solution File, Format Version 12.00
# Visual Studio Version 16
VisualStudioVersion = 16.0.31205.134
MinimumVisualStudioVersion = 10.0.40219.1
Project("{FAE04EC0-301F-11D3-BF4B-00C04F79EFBC}") = "ThirdMvcCore", "ThirdMvcCore.csproj", "{2312702A-D6DD-49B6-AA9C-F373ED2CEC08}"
EndProject
Global
	GlobalSection(SolutionConfigurationPlatforms) = preSolution
		Debug|Any CPU = Debug|Any CPU
		Release|Any CPU = Release|Any CPU
	EndGlobalSection
	GlobalSection(ProjectConfigurationPlatforms) = postSolution
		{2312702A-D6DD-49B6-AA9C-F373ED2CEC08}.Debug|Any CPU.ActiveCfg = Debug|Any CPU
		{2312702A-D6DD-49B6-AA9C-F373ED2CEC08}.Debug|Any CPU.Build.0 = Debug|Any CPU
		{2312702A-D6DD-49B6-AA9C-F373ED2CEC08}.Release|Any CPU.ActiveCfg = Release|Any CPU
		{2312702A-D6DD-49B6-AA9C-F373ED2CEC08}.Release|Any CPU.Build.0 = Release|Any CPU
	EndGlobalSection
	GlobalSection(SolutionProperties) = preSolution
		HideSolutionNode = FALSE
	EndGlobalSection
	GlobalSection(ExtensibilityGlobals) = postSolution
		SolutionGuid = {E57BF486-569C-4BD7-B11B-A4E575CB5246}
	EndGlobalSection
EndGlobal
